
Microsoft Visual Studio Solution File, Format Version 12.00
# Visual Studio Version 16
VisualStudioVersion = 16.0.29102.190
MinimumVisualStudioVersion = 10.0.40219.1
Project("{9A19103F-16F7-4668-BE54-9A1E7A4F7556}") = "Snow.AuthorityManagement.Common", "Snow.AuthorityManagement.Common\Snow.AuthorityManagement.Common.csproj", "{5D892B26-2589-4FAB-9D7F-4B98CE7E1F93}"
EndProject
Project("{9A19103F-16F7-4668-BE54-9A1E7A4F7556}") = "Snow.AuthorityManagement.Core", "Snow.AuthorityManagement.Core\Snow.AuthorityManagement.Core.csproj", "{52CF5022-66FB-4A85-A2FD-9E8DE9AF9680}"
EndProject
Project("{9A19103F-16F7-4668-BE54-9A1E7A4F7556}") = "Snow.AuthorityManagement.Repository", "Snow.AuthorityManagement.Repository\Snow.AuthorityManagement.Repository.csproj", "{8C9472BA-9F23-4040-95C6-26BDDE3BEFFD}"
EndProject
Project("{9A19103F-16F7-4668-BE54-9A1E7A4F7556}") = "Snow.AuthorityManagement.Web.Mvc", "Snow.AuthorityManagement.Web\Snow.AuthorityManagement.Web.Mvc.csproj", "{71093CEE-2FF7-4188-BEDC-82D267787A15}"
EndProject
Project("{9A19103F-16F7-4668-BE54-9A1E7A4F7556}") = "Snow.AuthorityManagement.Api", "Snow.AuthorityManagement.Api\Snow.AuthorityManagement.Api.csproj", "{4E104E90-48DB-43EB-93E4-EADB410DE6E5}"
EndProject
Project("{9A19103F-16F7-4668-BE54-9A1E7A4F7556}") = "Snow.AuthorityManagement.Data", "Snow.AuthorityManagement.Data\Snow.AuthorityManagement.Data.csproj", "{338D415E-FCED-4F60-B831-852F46D4596E}"
EndProject
Project("{9A19103F-16F7-4668-BE54-9A1E7A4F7556}") = "Anc", "Anc\Anc.csproj", "{CBB1340C-F40A-4659-8E7D-6CC63DC25EE3}"
EndProject
Project("{9A19103F-16F7-4668-BE54-9A1E7A4F7556}") = "Snow.AuthorityManagement.Application", "Snow.AuthorityManagement.Application\Snow.AuthorityManagement.Application.csproj", "{C5FB6A6B-055A-47C3-B539-4E95FED152CF}"
EndProject
Project("{2150E333-8FDC-42A3-9474-1A3956D46DE8}") = "Application", "Application", "{7070E1A5-316E-4F30-9910-B8C2B2921274}"
EndProject
Project("{2150E333-8FDC-42A3-9474-1A3956D46DE8}") = "Domain", "Domain", "{F266C413-2FD5-4AEF-9D5A-FF3826E42006}"
EndProject
Project("{2150E333-8FDC-42A3-9474-1A3956D46DE8}") = "Infrastructure", "Infrastructure", "{3C0F11C6-5BFF-4335-A8CE-E4141076AE7D}"
EndProject
Project("{2150E333-8FDC-42A3-9474-1A3956D46DE8}") = "Ui", "Ui", "{F2AB8448-A739-459C-A699-A43FCD448DD9}"
EndProject
Project("{9A19103F-16F7-4668-BE54-9A1E7A4F7556}") = "Anc.EntityFrameworkCore", "Anc.EntityFrameworkCore\Anc.EntityFrameworkCore.csproj", "{1DC0F106-5823-4CA6-8D9E-DEF1AAF7AEC2}"
EndProject
Project("{9A19103F-16F7-4668-BE54-9A1E7A4F7556}") = "Anc.Dapper", "Anc.Dapper\Anc.Dapper.csproj", "{48C06ACC-7102-468D-9DF6-B034643D16CC}"
EndProject
Project("{FAE04EC0-301F-11D3-BF4B-00C04F79EFBC}") = "Anc.AspNetCore", "Anc.Web.Mvc\Anc.AspNetCore.csproj", "{C8BBE59F-1A07-4408-BC96-9DD79E18803B}"
EndProject
Project("{FAE04EC0-301F-11D3-BF4B-00C04F79EFBC}") = "Snow.AuthorityManagement.Web.Core", "Snow.AuthorityManagement.Web.Host\Snow.AuthorityManagement.Web.Core.csproj", "{50F45BF3-C2FB-4E1D-A7C1-9A017746D647}"
EndProject
Global
	GlobalSection(SolutionConfigurationPlatforms) = preSolution
		Debug|Any CPU = Debug|Any CPU
		Release|Any CPU = Release|Any CPU
	EndGlobalSection
	GlobalSection(ProjectConfigurationPlatforms) = postSolution
		{5D892B26-2589-4FAB-9D7F-4B98CE7E1F93}.Debug|Any CPU.ActiveCfg = Debug|Any CPU
		{5D892B26-2589-4FAB-9D7F-4B98CE7E1F93}.Debug|Any CPU.Build.0 = Debug|Any CPU
		{5D892B26-2589-4FAB-9D7F-4B98CE7E1F93}.Release|Any CPU.ActiveCfg = Release|Any CPU
		{5D892B26-2589-4FAB-9D7F-4B98CE7E1F93}.Release|Any CPU.Build.0 = Release|Any CPU
		{52CF5022-66FB-4A85-A2FD-9E8DE9AF9680}.Debug|Any CPU.ActiveCfg = Debug|Any CPU
		{52CF5022-66FB-4A85-A2FD-9E8DE9AF9680}.Debug|Any CPU.Build.0 = Debug|Any CPU
		{52CF5022-66FB-4A85-A2FD-9E8DE9AF9680}.Release|Any CPU.ActiveCfg = Release|Any CPU
		{52CF5022-66FB-4A85-A2FD-9E8DE9AF9680}.Release|Any CPU.Build.0 = Release|Any CPU
		{8C9472BA-9F23-4040-95C6-26BDDE3BEFFD}.Debug|Any CPU.ActiveCfg = Debug|Any CPU
		{8C9472BA-9F23-4040-95C6-26BDDE3BEFFD}.Debug|Any CPU.Build.0 = Debug|Any CPU
		{8C9472BA-9F23-4040-95C6-26BDDE3BEFFD}.Release|Any CPU.ActiveCfg = Release|Any CPU
		{8C9472BA-9F23-4040-95C6-26BDDE3BEFFD}.Release|Any CPU.Build.0 = Release|Any CPU
		{71093CEE-2FF7-4188-BEDC-82D267787A15}.Debug|Any CPU.ActiveCfg = Debug|Any CPU
		{71093CEE-2FF7-4188-BEDC-82D267787A15}.Debug|Any CPU.Build.0 = Debug|Any CPU
		{71093CEE-2FF7-4188-BEDC-82D267787A15}.Release|Any CPU.ActiveCfg = Release|Any CPU
		{71093CEE-2FF7-4188-BEDC-82D267787A15}.Release|Any CPU.Build.0 = Release|Any CPU
		{4E104E90-48DB-43EB-93E4-EADB410DE6E5}.Debug|Any CPU.ActiveCfg = Debug|Any CPU
		{4E104E90-48DB-43EB-93E4-EADB410DE6E5}.Debug|Any CPU.Build.0 = Debug|Any CPU
		{4E104E90-48DB-43EB-93E4-EADB410DE6E5}.Release|Any CPU.ActiveCfg = Release|Any CPU
		{4E104E90-48DB-43EB-93E4-EADB410DE6E5}.Release|Any CPU.Build.0 = Release|Any CPU
		{338D415E-FCED-4F60-B831-852F46D4596E}.Debug|Any CPU.ActiveCfg = Debug|Any CPU
		{338D415E-FCED-4F60-B831-852F46D4596E}.Debug|Any CPU.Build.0 = Debug|Any CPU
		{338D415E-FCED-4F60-B831-852F46D4596E}.Release|Any CPU.ActiveCfg = Release|Any CPU
		{338D415E-FCED-4F60-B831-852F46D4596E}.Release|Any CPU.Build.0 = Release|Any CPU
		{CBB1340C-F40A-4659-8E7D-6CC63DC25EE3}.Debug|Any CPU.ActiveCfg = Debug|Any CPU
		{CBB1340C-F40A-4659-8E7D-6CC63DC25EE3}.Debug|Any CPU.Build.0 = Debug|Any CPU
		{CBB1340C-F40A-4659-8E7D-6CC63DC25EE3}.Release|Any CPU.ActiveCfg = Release|Any CPU
		{CBB1340C-F40A-4659-8E7D-6CC63DC25EE3}.Release|Any CPU.Build.0 = Release|Any CPU
		{C5FB6A6B-055A-47C3-B539-4E95FED152CF}.Debug|Any CPU.ActiveCfg = Debug|Any CPU
		{C5FB6A6B-055A-47C3-B539-4E95FED152CF}.Debug|Any CPU.Build.0 = Debug|Any CPU
		{C5FB6A6B-055A-47C3-B539-4E95FED152CF}.Release|Any CPU.ActiveCfg = Release|Any CPU
		{C5FB6A6B-055A-47C3-B539-4E95FED152CF}.Release|Any CPU.Build.0 = Release|Any CPU
		{1DC0F106-5823-4CA6-8D9E-DEF1AAF7AEC2}.Debug|Any CPU.ActiveCfg = Debug|Any CPU
		{1DC0F106-5823-4CA6-8D9E-DEF1AAF7AEC2}.Debug|Any CPU.Build.0 = Debug|Any CPU
		{1DC0F106-5823-4CA6-8D9E-DEF1AAF7AEC2}.Release|Any CPU.ActiveCfg = Release|Any CPU
		{1DC0F106-5823-4CA6-8D9E-DEF1AAF7AEC2}.Release|Any CPU.Build.0 = Release|Any CPU
		{48C06ACC-7102-468D-9DF6-B034643D16CC}.Debug|Any CPU.ActiveCfg = Debug|Any CPU
		{48C06ACC-7102-468D-9DF6-B034643D16CC}.Debug|Any CPU.Build.0 = Debug|Any CPU
		{48C06ACC-7102-468D-9DF6-B034643D16CC}.Release|Any CPU.ActiveCfg = Release|Any CPU
		{48C06ACC-7102-468D-9DF6-B034643D16CC}.Release|Any CPU.Build.0 = Release|Any CPU
		{C8BBE59F-1A07-4408-BC96-9DD79E18803B}.Debug|Any CPU.ActiveCfg = Debug|Any CPU
		{C8BBE59F-1A07-4408-BC96-9DD79E18803B}.Debug|Any CPU.Build.0 = Debug|Any CPU
		{C8BBE59F-1A07-4408-BC96-9DD79E18803B}.Release|Any CPU.ActiveCfg = Release|Any CPU
		{C8BBE59F-1A07-4408-BC96-9DD79E18803B}.Release|Any CPU.Build.0 = Release|Any CPU
		{50F45BF3-C2FB-4E1D-A7C1-9A017746D647}.Debug|Any CPU.ActiveCfg = Debug|Any CPU
		{50F45BF3-C2FB-4E1D-A7C1-9A017746D647}.Debug|Any CPU.Build.0 = Debug|Any CPU
		{50F45BF3-C2FB-4E1D-A7C1-9A017746D647}.Release|Any CPU.ActiveCfg = Release|Any CPU
		{50F45BF3-C2FB-4E1D-A7C1-9A017746D647}.Release|Any CPU.Build.0 = Release|Any CPU
	EndGlobalSection
	GlobalSection(SolutionProperties) = preSolution
		HideSolutionNode = FALSE
	EndGlobalSection
	GlobalSection(NestedProjects) = preSolution
		{5D892B26-2589-4FAB-9D7F-4B98CE7E1F93} = {3C0F11C6-5BFF-4335-A8CE-E4141076AE7D}
		{52CF5022-66FB-4A85-A2FD-9E8DE9AF9680} = {F266C413-2FD5-4AEF-9D5A-FF3826E42006}
		{8C9472BA-9F23-4040-95C6-26BDDE3BEFFD} = {3C0F11C6-5BFF-4335-A8CE-E4141076AE7D}
		{71093CEE-2FF7-4188-BEDC-82D267787A15} = {F2AB8448-A739-459C-A699-A43FCD448DD9}
		{4E104E90-48DB-43EB-93E4-EADB410DE6E5} = {F2AB8448-A739-459C-A699-A43FCD448DD9}
		{338D415E-FCED-4F60-B831-852F46D4596E} = {3C0F11C6-5BFF-4335-A8CE-E4141076AE7D}
		{CBB1340C-F40A-4659-8E7D-6CC63DC25EE3} = {3C0F11C6-5BFF-4335-A8CE-E4141076AE7D}
		{C5FB6A6B-055A-47C3-B539-4E95FED152CF} = {7070E1A5-316E-4F30-9910-B8C2B2921274}
		{1DC0F106-5823-4CA6-8D9E-DEF1AAF7AEC2} = {3C0F11C6-5BFF-4335-A8CE-E4141076AE7D}
		{48C06ACC-7102-468D-9DF6-B034643D16CC} = {3C0F11C6-5BFF-4335-A8CE-E4141076AE7D}
		{C8BBE59F-1A07-4408-BC96-9DD79E18803B} = {3C0F11C6-5BFF-4335-A8CE-E4141076AE7D}
		{50F45BF3-C2FB-4E1D-A7C1-9A017746D647} = {F2AB8448-A739-459C-A699-A43FCD448DD9}
	EndGlobalSection
	GlobalSection(ExtensibilityGlobals) = postSolution
		SolutionGuid = {B0FDFAB4-CB28-40CF-B14D-8869F4388CF5}
	EndGlobalSection
EndGlobal
